
Microsoft Visual Studio Solution File, Format Version 12.00
# Visual Studio Version 17
VisualStudioVersion = 17.13.35806.99
MinimumVisualStudioVersion = 10.0.40219.1
Project("{2150E333-8FDC-42A3-9474-1A3956D46DE8}") = "WebAPI", "WebAPI", "{02EA681E-C7D8-13C7-8484-4AC65E1B71E8}"
EndProject
Project("{FAE04EC0-301F-11D3-BF4B-00C04F79EFBC}") = "AuthApi", "WebApi\AuthApi\AuthApi.csproj", "{441E7A5E-BB50-4C87-8F9C-4B0DC70D7922}"
EndProject
Project("{FAE04EC0-301F-11D3-BF4B-00C04F79EFBC}") = "DeviceApi", "WebApi\DeviceApi\DeviceApi.csproj", "{EE947B26-3AE8-405F-999B-E3C09739D7C5}"
EndProject
Project("{FAE04EC0-301F-11D3-BF4B-00C04F79EFBC}") = "UserApi", "WebApi\UserApi\UserApi.csproj", "{BD6E5F20-45D6-48BA-9BAD-397EEF97566F}"
EndProject
Project("{FAE04EC0-301F-11D3-BF4B-00C04F79EFBC}") = "PaymentApi", "WebApi\PaymentApi\PaymentApi.csproj", "{9A55024A-812C-402F-9159-BC75EB0B5BC2}"
EndProject
Project("{FAE04EC0-301F-11D3-BF4B-00C04F79EFBC}") = "BillingApi", "WebApi\BillingApi\BillingApi.csproj", "{54D45C93-36ED-4913-9E8C-20C103D155E4}"
EndProject
Project("{FAE04EC0-301F-11D3-BF4B-00C04F79EFBC}") = "AdminApi", "WebApi\AdminApi\AdminApi.csproj", "{E02EDE91-E59D-4EF2-A911-7249780A4E69}"
EndProject
Project("{2150E333-8FDC-42A3-9474-1A3956D46DE8}") = "Core", "Core", "{EB085565-14E9-4855-B16F-C5428FC616EB}"
EndProject
Project("{2150E333-8FDC-42A3-9474-1A3956D46DE8}") = "Infrastructure", "Infrastructure", "{85132268-7494-42DB-8382-4EDD736195CD}"
EndProject
Project("{FAE04EC0-301F-11D3-BF4B-00C04F79EFBC}") = "External", "Infrastructure\External\External.csproj", "{55B49F01-2227-C4D4-54F2-1B701C0F6DD9}"
EndProject
Project("{FAE04EC0-301F-11D3-BF4B-00C04F79EFBC}") = "Persistence", "Infrastructure\Persistence\Persistence.csproj", "{A707AC54-CB8D-F176-7C81-D3D11F91A2FE}"
EndProject
Project("{FAE04EC0-301F-11D3-BF4B-00C04F79EFBC}") = "Application", "Core\Application\Application.csproj", "{EF27C518-6D9B-FC8F-6AC7-41304CC8DBCD}"
EndProject
Project("{FAE04EC0-301F-11D3-BF4B-00C04F79EFBC}") = "Domain", "Core\Domain\Domain.csproj", "{8DB9935B-679C-C53D-3174-AF920142537E}"
EndProject
Project("{2150E333-8FDC-42A3-9474-1A3956D46DE8}") = "CommonParts", "CommonParts", "{6BF65541-E78E-49C8-B51F-D938DE08FFA9}"
EndProject
Project("{FAE04EC0-301F-11D3-BF4B-00C04F79EFBC}") = "CommonConfiguration", "CommonConfiguration\CommonConfiguration.csproj", "{52DDBD0F-B7E9-4392-9ACF-A7FC0691459D}"
EndProject
Project("{FAE04EC0-301F-11D3-BF4B-00C04F79EFBC}") = "UsageSessionApi", "WebApi\UsageSessionApi\UsageSessionApi.csproj", "{642A8A21-980B-49AF-B7C5-EEFBBA28A00F}"
EndProject
Global
	GlobalSection(SolutionConfigurationPlatforms) = preSolution
		Debug|Any CPU = Debug|Any CPU
		Debug|x64 = Debug|x64
		Debug|x86 = Debug|x86
		Release|Any CPU = Release|Any CPU
		Release|x64 = Release|x64
		Release|x86 = Release|x86
	EndGlobalSection
	GlobalSection(ProjectConfigurationPlatforms) = postSolution
		{441E7A5E-BB50-4C87-8F9C-4B0DC70D7922}.Debug|Any CPU.ActiveCfg = Debug|Any CPU
		{441E7A5E-BB50-4C87-8F9C-4B0DC70D7922}.Debug|Any CPU.Build.0 = Debug|Any CPU
		{441E7A5E-BB50-4C87-8F9C-4B0DC70D7922}.Debug|x64.ActiveCfg = Debug|Any CPU
		{441E7A5E-BB50-4C87-8F9C-4B0DC70D7922}.Debug|x64.Build.0 = Debug|Any CPU
		{441E7A5E-BB50-4C87-8F9C-4B0DC70D7922}.Debug|x86.ActiveCfg = Debug|Any CPU
		{441E7A5E-BB50-4C87-8F9C-4B0DC70D7922}.Debug|x86.Build.0 = Debug|Any CPU
		{441E7A5E-BB50-4C87-8F9C-4B0DC70D7922}.Release|Any CPU.ActiveCfg = Release|Any CPU
		{441E7A5E-BB50-4C87-8F9C-4B0DC70D7922}.Release|Any CPU.Build.0 = Release|Any CPU
		{441E7A5E-BB50-4C87-8F9C-4B0DC70D7922}.Release|x64.ActiveCfg = Release|Any CPU
		{441E7A5E-BB50-4C87-8F9C-4B0DC70D7922}.Release|x64.Build.0 = Release|Any CPU
		{441E7A5E-BB50-4C87-8F9C-4B0DC70D7922}.Release|x86.ActiveCfg = Release|Any CPU
		{441E7A5E-BB50-4C87-8F9C-4B0DC70D7922}.Release|x86.Build.0 = Release|Any CPU
		{EE947B26-3AE8-405F-999B-E3C09739D7C5}.Debug|Any CPU.ActiveCfg = Debug|Any CPU
		{EE947B26-3AE8-405F-999B-E3C09739D7C5}.Debug|Any CPU.Build.0 = Debug|Any CPU
		{EE947B26-3AE8-405F-999B-E3C09739D7C5}.Debug|x64.ActiveCfg = Debug|Any CPU
		{EE947B26-3AE8-405F-999B-E3C09739D7C5}.Debug|x64.Build.0 = Debug|Any CPU
		{EE947B26-3AE8-405F-999B-E3C09739D7C5}.Debug|x86.ActiveCfg = Debug|Any CPU
		{EE947B26-3AE8-405F-999B-E3C09739D7C5}.Debug|x86.Build.0 = Debug|Any CPU
		{EE947B26-3AE8-405F-999B-E3C09739D7C5}.Release|Any CPU.ActiveCfg = Release|Any CPU
		{EE947B26-3AE8-405F-999B-E3C09739D7C5}.Release|Any CPU.Build.0 = Release|Any CPU
		{EE947B26-3AE8-405F-999B-E3C09739D7C5}.Release|x64.ActiveCfg = Release|Any CPU
		{EE947B26-3AE8-405F-999B-E3C09739D7C5}.Release|x64.Build.0 = Release|Any CPU
		{EE947B26-3AE8-405F-999B-E3C09739D7C5}.Release|x86.ActiveCfg = Release|Any CPU
		{EE947B26-3AE8-405F-999B-E3C09739D7C5}.Release|x86.Build.0 = Release|Any CPU
		{BD6E5F20-45D6-48BA-9BAD-397EEF97566F}.Debug|Any CPU.ActiveCfg = Debug|Any CPU
		{BD6E5F20-45D6-48BA-9BAD-397EEF97566F}.Debug|Any CPU.Build.0 = Debug|Any CPU
		{BD6E5F20-45D6-48BA-9BAD-397EEF97566F}.Debug|x64.ActiveCfg = Debug|Any CPU
		{BD6E5F20-45D6-48BA-9BAD-397EEF97566F}.Debug|x64.Build.0 = Debug|Any CPU
		{BD6E5F20-45D6-48BA-9BAD-397EEF97566F}.Debug|x86.ActiveCfg = Debug|Any CPU
		{BD6E5F20-45D6-48BA-9BAD-397EEF97566F}.Debug|x86.Build.0 = Debug|Any CPU
		{BD6E5F20-45D6-48BA-9BAD-397EEF97566F}.Release|Any CPU.ActiveCfg = Release|Any CPU
		{BD6E5F20-45D6-48BA-9BAD-397EEF97566F}.Release|Any CPU.Build.0 = Release|Any CPU
		{BD6E5F20-45D6-48BA-9BAD-397EEF97566F}.Release|x64.ActiveCfg = Release|Any CPU
		{BD6E5F20-45D6-48BA-9BAD-397EEF97566F}.Release|x64.Build.0 = Release|Any CPU
		{BD6E5F20-45D6-48BA-9BAD-397EEF97566F}.Release|x86.ActiveCfg = Release|Any CPU
		{BD6E5F20-45D6-48BA-9BAD-397EEF97566F}.Release|x86.Build.0 = Release|Any CPU
		{9A55024A-812C-402F-9159-BC75EB0B5BC2}.Debug|Any CPU.ActiveCfg = Debug|Any CPU
		{9A55024A-812C-402F-9159-BC75EB0B5BC2}.Debug|Any CPU.Build.0 = Debug|Any CPU
		{9A55024A-812C-402F-9159-BC75EB0B5BC2}.Debug|x64.ActiveCfg = Debug|Any CPU
		{9A55024A-812C-402F-9159-BC75EB0B5BC2}.Debug|x64.Build.0 = Debug|Any CPU
		{9A55024A-812C-402F-9159-BC75EB0B5BC2}.Debug|x86.ActiveCfg = Debug|Any CPU
		{9A55024A-812C-402F-9159-BC75EB0B5BC2}.Debug|x86.Build.0 = Debug|Any CPU
		{9A55024A-812C-402F-9159-BC75EB0B5BC2}.Release|Any CPU.ActiveCfg = Release|Any CPU
		{9A55024A-812C-402F-9159-BC75EB0B5BC2}.Release|Any CPU.Build.0 = Release|Any CPU
		{9A55024A-812C-402F-9159-BC75EB0B5BC2}.Release|x64.ActiveCfg = Release|Any CPU
		{9A55024A-812C-402F-9159-BC75EB0B5BC2}.Release|x64.Build.0 = Release|Any CPU
		{9A55024A-812C-402F-9159-BC75EB0B5BC2}.Release|x86.ActiveCfg = Release|Any CPU
		{9A55024A-812C-402F-9159-BC75EB0B5BC2}.Release|x86.Build.0 = Release|Any CPU
		{54D45C93-36ED-4913-9E8C-20C103D155E4}.Debug|Any CPU.ActiveCfg = Debug|Any CPU
		{54D45C93-36ED-4913-9E8C-20C103D155E4}.Debug|Any CPU.Build.0 = Debug|Any CPU
		{54D45C93-36ED-4913-9E8C-20C103D155E4}.Debug|x64.ActiveCfg = Debug|Any CPU
		{54D45C93-36ED-4913-9E8C-20C103D155E4}.Debug|x64.Build.0 = Debug|Any CPU
		{54D45C93-36ED-4913-9E8C-20C103D155E4}.Debug|x86.ActiveCfg = Debug|Any CPU
		{54D45C93-36ED-4913-9E8C-20C103D155E4}.Debug|x86.Build.0 = Debug|Any CPU
		{54D45C93-36ED-4913-9E8C-20C103D155E4}.Release|Any CPU.ActiveCfg = Release|Any CPU
		{54D45C93-36ED-4913-9E8C-20C103D155E4}.Release|Any CPU.Build.0 = Release|Any CPU
		{54D45C93-36ED-4913-9E8C-20C103D155E4}.Release|x64.ActiveCfg = Release|Any CPU
		{54D45C93-36ED-4913-9E8C-20C103D155E4}.Release|x64.Build.0 = Release|Any CPU
		{54D45C93-36ED-4913-9E8C-20C103D155E4}.Release|x86.ActiveCfg = Release|Any CPU
		{54D45C93-36ED-4913-9E8C-20C103D155E4}.Release|x86.Build.0 = Release|Any CPU
		{E02EDE91-E59D-4EF2-A911-7249780A4E69}.Debug|Any CPU.ActiveCfg = Debug|Any CPU
		{E02EDE91-E59D-4EF2-A911-7249780A4E69}.Debug|Any CPU.Build.0 = Debug|Any CPU
		{E02EDE91-E59D-4EF2-A911-7249780A4E69}.Debug|x64.ActiveCfg = Debug|Any CPU
		{E02EDE91-E59D-4EF2-A911-7249780A4E69}.Debug|x64.Build.0 = Debug|Any CPU
		{E02EDE91-E59D-4EF2-A911-7249780A4E69}.Debug|x86.ActiveCfg = Debug|Any CPU
		{E02EDE91-E59D-4EF2-A911-7249780A4E69}.Debug|x86.Build.0 = Debug|Any CPU
		{E02EDE91-E59D-4EF2-A911-7249780A4E69}.Release|Any CPU.ActiveCfg = Release|Any CPU
		{E02EDE91-E59D-4EF2-A911-7249780A4E69}.Release|Any CPU.Build.0 = Release|Any CPU
		{E02EDE91-E59D-4EF2-A911-7249780A4E69}.Release|x64.ActiveCfg = Release|Any CPU
		{E02EDE91-E59D-4EF2-A911-7249780A4E69}.Release|x64.Build.0 = Release|Any CPU
		{E02EDE91-E59D-4EF2-A911-7249780A4E69}.Release|x86.ActiveCfg = Release|Any CPU
		{E02EDE91-E59D-4EF2-A911-7249780A4E69}.Release|x86.Build.0 = Release|Any CPU
		{55B49F01-2227-C4D4-54F2-1B701C0F6DD9}.Debug|Any CPU.ActiveCfg = Debug|Any CPU
		{55B49F01-2227-C4D4-54F2-1B701C0F6DD9}.Debug|Any CPU.Build.0 = Debug|Any CPU
		{55B49F01-2227-C4D4-54F2-1B701C0F6DD9}.Debug|x64.ActiveCfg = Debug|Any CPU
		{55B49F01-2227-C4D4-54F2-1B701C0F6DD9}.Debug|x64.Build.0 = Debug|Any CPU
		{55B49F01-2227-C4D4-54F2-1B701C0F6DD9}.Debug|x86.ActiveCfg = Debug|Any CPU
		{55B49F01-2227-C4D4-54F2-1B701C0F6DD9}.Debug|x86.Build.0 = Debug|Any CPU
		{55B49F01-2227-C4D4-54F2-1B701C0F6DD9}.Release|Any CPU.ActiveCfg = Release|Any CPU
		{55B49F01-2227-C4D4-54F2-1B701C0F6DD9}.Release|Any CPU.Build.0 = Release|Any CPU
		{55B49F01-2227-C4D4-54F2-1B701C0F6DD9}.Release|x64.ActiveCfg = Release|Any CPU
		{55B49F01-2227-C4D4-54F2-1B701C0F6DD9}.Release|x64.Build.0 = Release|Any CPU
		{55B49F01-2227-C4D4-54F2-1B701C0F6DD9}.Release|x86.ActiveCfg = Release|Any CPU
		{55B49F01-2227-C4D4-54F2-1B701C0F6DD9}.Release|x86.Build.0 = Release|Any CPU
		{A707AC54-CB8D-F176-7C81-D3D11F91A2FE}.Debug|Any CPU.ActiveCfg = Debug|Any CPU
		{A707AC54-CB8D-F176-7C81-D3D11F91A2FE}.Debug|Any CPU.Build.0 = Debug|Any CPU
		{A707AC54-CB8D-F176-7C81-D3D11F91A2FE}.Debug|x64.ActiveCfg = Debug|Any CPU
		{A707AC54-CB8D-F176-7C81-D3D11F91A2FE}.Debug|x64.Build.0 = Debug|Any CPU
		{A707AC54-CB8D-F176-7C81-D3D11F91A2FE}.Debug|x86.ActiveCfg = Debug|Any CPU
		{A707AC54-CB8D-F176-7C81-D3D11F91A2FE}.Debug|x86.Build.0 = Debug|Any CPU
		{A707AC54-CB8D-F176-7C81-D3D11F91A2FE}.Release|Any CPU.ActiveCfg = Release|Any CPU
		{A707AC54-CB8D-F176-7C81-D3D11F91A2FE}.Release|Any CPU.Build.0 = Release|Any CPU
		{A707AC54-CB8D-F176-7C81-D3D11F91A2FE}.Release|x64.ActiveCfg = Release|Any CPU
		{A707AC54-CB8D-F176-7C81-D3D11F91A2FE}.Release|x64.Build.0 = Release|Any CPU
		{A707AC54-CB8D-F176-7C81-D3D11F91A2FE}.Release|x86.ActiveCfg = Release|Any CPU
		{A707AC54-CB8D-F176-7C81-D3D11F91A2FE}.Release|x86.Build.0 = Release|Any CPU
		{EF27C518-6D9B-FC8F-6AC7-41304CC8DBCD}.Debug|Any CPU.ActiveCfg = Debug|Any CPU
		{EF27C518-6D9B-FC8F-6AC7-41304CC8DBCD}.Debug|Any CPU.Build.0 = Debug|Any CPU
		{EF27C518-6D9B-FC8F-6AC7-41304CC8DBCD}.Debug|x64.ActiveCfg = Debug|Any CPU
		{EF27C518-6D9B-FC8F-6AC7-41304CC8DBCD}.Debug|x64.Build.0 = Debug|Any CPU
		{EF27C518-6D9B-FC8F-6AC7-41304CC8DBCD}.Debug|x86.ActiveCfg = Debug|Any CPU
		{EF27C518-6D9B-FC8F-6AC7-41304CC8DBCD}.Debug|x86.Build.0 = Debug|Any CPU
		{EF27C518-6D9B-FC8F-6AC7-41304CC8DBCD}.Release|Any CPU.ActiveCfg = Release|Any CPU
		{EF27C518-6D9B-FC8F-6AC7-41304CC8DBCD}.Release|Any CPU.Build.0 = Release|Any CPU
		{EF27C518-6D9B-FC8F-6AC7-41304CC8DBCD}.Release|x64.ActiveCfg = Release|Any CPU
		{EF27C518-6D9B-FC8F-6AC7-41304CC8DBCD}.Release|x64.Build.0 = Release|Any CPU
		{EF27C518-6D9B-FC8F-6AC7-41304CC8DBCD}.Release|x86.ActiveCfg = Release|Any CPU
		{EF27C518-6D9B-FC8F-6AC7-41304CC8DBCD}.Release|x86.Build.0 = Release|Any CPU
		{8DB9935B-679C-C53D-3174-AF920142537E}.Debug|Any CPU.ActiveCfg = Debug|Any CPU
		{8DB9935B-679C-C53D-3174-AF920142537E}.Debug|Any CPU.Build.0 = Debug|Any CPU
		{8DB9935B-679C-C53D-3174-AF920142537E}.Debug|x64.ActiveCfg = Debug|Any CPU
		{8DB9935B-679C-C53D-3174-AF920142537E}.Debug|x64.Build.0 = Debug|Any CPU
		{8DB9935B-679C-C53D-3174-AF920142537E}.Debug|x86.ActiveCfg = Debug|Any CPU
		{8DB9935B-679C-C53D-3174-AF920142537E}.Debug|x86.Build.0 = Debug|Any CPU
		{8DB9935B-679C-C53D-3174-AF920142537E}.Release|Any CPU.ActiveCfg = Release|Any CPU
		{8DB9935B-679C-C53D-3174-AF920142537E}.Release|Any CPU.Build.0 = Release|Any CPU
		{8DB9935B-679C-C53D-3174-AF920142537E}.Release|x64.ActiveCfg = Release|Any CPU
		{8DB9935B-679C-C53D-3174-AF920142537E}.Release|x64.Build.0 = Release|Any CPU
		{8DB9935B-679C-C53D-3174-AF920142537E}.Release|x86.ActiveCfg = Release|Any CPU
		{8DB9935B-679C-C53D-3174-AF920142537E}.Release|x86.Build.0 = Release|Any CPU
		{52DDBD0F-B7E9-4392-9ACF-A7FC0691459D}.Debug|Any CPU.ActiveCfg = Debug|Any CPU
		{52DDBD0F-B7E9-4392-9ACF-A7FC0691459D}.Debug|Any CPU.Build.0 = Debug|Any CPU
		{52DDBD0F-B7E9-4392-9ACF-A7FC0691459D}.Debug|x64.ActiveCfg = Debug|Any CPU
		{52DDBD0F-B7E9-4392-9ACF-A7FC0691459D}.Debug|x64.Build.0 = Debug|Any CPU
		{52DDBD0F-B7E9-4392-9ACF-A7FC0691459D}.Debug|x86.ActiveCfg = Debug|Any CPU
		{52DDBD0F-B7E9-4392-9ACF-A7FC0691459D}.Debug|x86.Build.0 = Debug|Any CPU
		{52DDBD0F-B7E9-4392-9ACF-A7FC0691459D}.Release|Any CPU.ActiveCfg = Release|Any CPU
		{52DDBD0F-B7E9-4392-9ACF-A7FC0691459D}.Release|Any CPU.Build.0 = Release|Any CPU
		{52DDBD0F-B7E9-4392-9ACF-A7FC0691459D}.Release|x64.ActiveCfg = Release|Any CPU
		{52DDBD0F-B7E9-4392-9ACF-A7FC0691459D}.Release|x64.Build.0 = Release|Any CPU
		{52DDBD0F-B7E9-4392-9ACF-A7FC0691459D}.Release|x86.ActiveCfg = Release|Any CPU
		{52DDBD0F-B7E9-4392-9ACF-A7FC0691459D}.Release|x86.Build.0 = Release|Any CPU
		{642A8A21-980B-49AF-B7C5-EEFBBA28A00F}.Debug|Any CPU.ActiveCfg = Debug|Any CPU
		{642A8A21-980B-49AF-B7C5-EEFBBA28A00F}.Debug|Any CPU.Build.0 = Debug|Any CPU
		{642A8A21-980B-49AF-B7C5-EEFBBA28A00F}.Debug|x64.ActiveCfg = Debug|Any CPU
		{642A8A21-980B-49AF-B7C5-EEFBBA28A00F}.Debug|x64.Build.0 = Debug|Any CPU
		{642A8A21-980B-49AF-B7C5-EEFBBA28A00F}.Debug|x86.ActiveCfg = Debug|Any CPU
		{642A8A21-980B-49AF-B7C5-EEFBBA28A00F}.Debug|x86.Build.0 = Debug|Any CPU
		{642A8A21-980B-49AF-B7C5-EEFBBA28A00F}.Release|Any CPU.ActiveCfg = Release|Any CPU
		{642A8A21-980B-49AF-B7C5-EEFBBA28A00F}.Release|Any CPU.Build.0 = Release|Any CPU
		{642A8A21-980B-49AF-B7C5-EEFBBA28A00F}.Release|x64.ActiveCfg = Release|Any CPU
		{642A8A21-980B-49AF-B7C5-EEFBBA28A00F}.Release|x64.Build.0 = Release|Any CPU
		{642A8A21-980B-49AF-B7C5-EEFBBA28A00F}.Release|x86.ActiveCfg = Release|Any CPU
		{642A8A21-980B-49AF-B7C5-EEFBBA28A00F}.Release|x86.Build.0 = Release|Any CPU
	EndGlobalSection
	GlobalSection(SolutionProperties) = preSolution
		HideSolutionNode = FALSE
	EndGlobalSection
	GlobalSection(NestedProjects) = preSolution
		{441E7A5E-BB50-4C87-8F9C-4B0DC70D7922} = {02EA681E-C7D8-13C7-8484-4AC65E1B71E8}
		{EE947B26-3AE8-405F-999B-E3C09739D7C5} = {02EA681E-C7D8-13C7-8484-4AC65E1B71E8}
		{BD6E5F20-45D6-48BA-9BAD-397EEF97566F} = {02EA681E-C7D8-13C7-8484-4AC65E1B71E8}
		{9A55024A-812C-402F-9159-BC75EB0B5BC2} = {02EA681E-C7D8-13C7-8484-4AC65E1B71E8}
		{54D45C93-36ED-4913-9E8C-20C103D155E4} = {02EA681E-C7D8-13C7-8484-4AC65E1B71E8}
		{E02EDE91-E59D-4EF2-A911-7249780A4E69} = {02EA681E-C7D8-13C7-8484-4AC65E1B71E8}
		{55B49F01-2227-C4D4-54F2-1B701C0F6DD9} = {85132268-7494-42DB-8382-4EDD736195CD}
		{A707AC54-CB8D-F176-7C81-D3D11F91A2FE} = {85132268-7494-42DB-8382-4EDD736195CD}
		{EF27C518-6D9B-FC8F-6AC7-41304CC8DBCD} = {EB085565-14E9-4855-B16F-C5428FC616EB}
		{8DB9935B-679C-C53D-3174-AF920142537E} = {EB085565-14E9-4855-B16F-C5428FC616EB}
		{6BF65541-E78E-49C8-B51F-D938DE08FFA9} = {02EA681E-C7D8-13C7-8484-4AC65E1B71E8}
		{52DDBD0F-B7E9-4392-9ACF-A7FC0691459D} = {6BF65541-E78E-49C8-B51F-D938DE08FFA9}
		{642A8A21-980B-49AF-B7C5-EEFBBA28A00F} = {02EA681E-C7D8-13C7-8484-4AC65E1B71E8}
	EndGlobalSection
	GlobalSection(ExtensibilityGlobals) = postSolution
		SolutionGuid = {57E303C2-F6A1-41E8-BC14-C69BC57AD703}
	EndGlobalSection
EndGlobal
